
Microsoft Visual Studio Solution File, Format Version 12.00
# Visual Studio 15
VisualStudioVersion = 15.0.27130.2003
MinimumVisualStudioVersion = 10.0.40219.1
Project("{FAE04EC0-301F-11D3-BF4B-00C04F79EFBC}") = "HelloMath", "HelloMath\HelloMath.csproj", "{371E3454-6D85-47EF-917B-2D78B192D166}"
EndProject
Global
	GlobalSection(SolutionConfigurationPlatforms) = preSolution
		Debug|Any CPU = Debug|Any CPU
		Release|Any CPU = Release|Any CPU
	EndGlobalSection
	GlobalSection(ProjectConfigurationPlatforms) = postSolution
		{371E3454-6D85-47EF-917B-2D78B192D166}.Debug|Any CPU.ActiveCfg = Debug|Any CPU
		{371E3454-6D85-47EF-917B-2D78B192D166}.Debug|Any CPU.Build.0 = Debug|Any CPU
		{371E3454-6D85-47EF-917B-2D78B192D166}.Release|Any CPU.ActiveCfg = Release|Any CPU
		{371E3454-6D85-47EF-917B-2D78B192D166}.Release|Any CPU.Build.0 = Release|Any CPU
	EndGlobalSection
	GlobalSection(SolutionProperties) = preSolution
		HideSolutionNode = FALSE
	EndGlobalSection
	GlobalSection(ExtensibilityGlobals) = postSolution
		SolutionGuid = {80FBC8A7-C49D-4A4A-87E2-2409D30E36F0}
	EndGlobalSection
EndGlobal
